
Microsoft Visual Studio Solution File, Format Version 12.00
# Visual Studio Version 16
VisualStudioVersion = 16.0.29403.142
MinimumVisualStudioVersion = 10.0.40219.1
Project("{FAE04EC0-301F-11D3-BF4B-00C04F79EFBC}") = "TCCarShare", "TCCarShare\TCCarShare.csproj", "{CC8B36F0-93A3-4185-9222-8AEAE1BDE9C1}"
EndProject
Global
	GlobalSection(SolutionConfigurationPlatforms) = preSolution
		Debug|Any CPU = Debug|Any CPU
		Release|Any CPU = Release|Any CPU
	EndGlobalSection
	GlobalSection(ProjectConfigurationPlatforms) = postSolution
		{CC8B36F0-93A3-4185-9222-8AEAE1BDE9C1}.Debug|Any CPU.ActiveCfg = Debug|Any CPU
		{CC8B36F0-93A3-4185-9222-8AEAE1BDE9C1}.Debug|Any CPU.Build.0 = Debug|Any CPU
		{CC8B36F0-93A3-4185-9222-8AEAE1BDE9C1}.Release|Any CPU.ActiveCfg = Release|Any CPU
		{CC8B36F0-93A3-4185-9222-8AEAE1BDE9C1}.Release|Any CPU.Build.0 = Release|Any CPU
	EndGlobalSection
	GlobalSection(SolutionProperties) = preSolution
		HideSolutionNode = FALSE
	EndGlobalSection
	GlobalSection(ExtensibilityGlobals) = postSolution
		SolutionGuid = {98F76692-C274-4026-B699-1A1D9D04A973}
	EndGlobalSection
EndGlobal
